# THIS IS AN AUTOGENERATED FILE. DO NOT EDIT THIS FILE DIRECTLY.
# yarn lockfile v1


esbuild@^0.8.50:
  version "0.8.50"
  resolved "https://registry.yarnpkg.com/esbuild/-/esbuild-0.8.50.tgz#ebf24fde0cdad1a369789dd6fd7a820b0a01e46c"
  integrity sha512-oidFLXssA7IccYzkqLVZSqNJDwDq8Mh/vqvrW+3fPWM7iUiC5O2bCllhnO8+K9LlyL/2Z6n+WwRJAz9fqSIVRg==
