{
  "name": "@bit/bit.envs.common.get-capsule-name",
  "version": "0.0.14",
  "lockfileVersion": 1,
  "requires": true,
  "dependencies": {
    "@types/node": {
      "version": "12.19.9",
      "resolved": "https://registry.npmjs.org/@types/node/-/node-12.19.9.tgz",
      "integrity": "sha512-yj0DOaQeUrk3nJ0bd3Y5PeDRJ6W0r+kilosLA+dzF3dola/o9hxhMSg2sFvVcA2UHS5JSOsZp4S0c1OEXc4m1Q==",
      "dev": true
    }
  }
}
