{
  "name": "@bit/bit.envs.common.create-workspace",
  "version": "0.0.12",
  "lockfileVersion": 1,
  "requires": true,
  "dependencies": {
    "@types/node": {
      "version": "12.19.9",
      "resolved": "https://registry.npmjs.org/@types/node/-/node-12.19.9.tgz",
      "integrity": "sha512-yj0DOaQeUrk3nJ0bd3Y5PeDRJ6W0r+kilosLA+dzF3dola/o9hxhMSg2sFvVcA2UHS5JSOsZp4S0c1OEXc4m1Q==",
      "dev": true
    },
    "minimist": {
      "version": "0.0.8",
      "resolved": "https://registry.npmjs.org/minimist/-/minimist-0.0.8.tgz",
      "integrity": "sha1-hX/Kv8M5fSYluCKCYuhqp6ARsF0="
    },
    "mkdirp": {
      "version": "0.5.1",
      "resolved": "https://registry.npmjs.org/mkdirp/-/mkdirp-0.5.1.tgz",
      "integrity": "sha1-MAV0OOrGz3+MR2fzhkjWaX11yQM=",
      "requires": {
        "minimist": "0.0.8"
      }
    }
  }
}
